
Microsoft Visual Studio Solution File, Format Version 12.00
# Visual Studio Version 17
VisualStudioVersion = 17.9.34622.214
MinimumVisualStudioVersion = 10.0.40219.1
Project("{9A19103F-16F7-4668-BE54-9A1E7A4F7556}") = "MatchOddsApi", "MatchOddsApi\MatchOddsApi.csproj", "{501CD62B-29E7-4EC9-B2A6-C999C8457AAA}"
EndProject
Project("{9A19103F-16F7-4668-BE54-9A1E7A4F7556}") = "Shared", "Shared\Shared.csproj", "{03AF2E0B-1A6A-443E-882A-6A2E30A8E82C}"
EndProject
Project("{9A19103F-16F7-4668-BE54-9A1E7A4F7556}") = "CustomerTransactionsApi", "CustomerTransactionsApi\CustomerTransactionsApi.csproj", "{52DDE887-01DB-4113-ABE5-B297D8487716}"
EndProject
Project("{9A19103F-16F7-4668-BE54-9A1E7A4F7556}") = "BasketApi", "BasketApi\BasketApi.csproj", "{B06DB7BD-5B59-4A0F-843D-30C7272D0E0C}"
EndProject
Project("{FAE04EC0-301F-11D3-BF4B-00C04F79EFBC}") = "PlayedCouponsApi", "PlayedCouponsApi\PlayedCouponsApi.csproj", "{D9C66974-739F-44DC-877F-A7444F083968}"
EndProject
Global
	GlobalSection(SolutionConfigurationPlatforms) = preSolution
		Debug|Any CPU = Debug|Any CPU
		Release|Any CPU = Release|Any CPU
	EndGlobalSection
	GlobalSection(ProjectConfigurationPlatforms) = postSolution
		{501CD62B-29E7-4EC9-B2A6-C999C8457AAA}.Debug|Any CPU.ActiveCfg = Debug|Any CPU
		{501CD62B-29E7-4EC9-B2A6-C999C8457AAA}.Debug|Any CPU.Build.0 = Debug|Any CPU
		{501CD62B-29E7-4EC9-B2A6-C999C8457AAA}.Release|Any CPU.ActiveCfg = Release|Any CPU
		{501CD62B-29E7-4EC9-B2A6-C999C8457AAA}.Release|Any CPU.Build.0 = Release|Any CPU
		{03AF2E0B-1A6A-443E-882A-6A2E30A8E82C}.Debug|Any CPU.ActiveCfg = Debug|Any CPU
		{03AF2E0B-1A6A-443E-882A-6A2E30A8E82C}.Debug|Any CPU.Build.0 = Debug|Any CPU
		{03AF2E0B-1A6A-443E-882A-6A2E30A8E82C}.Release|Any CPU.ActiveCfg = Release|Any CPU
		{03AF2E0B-1A6A-443E-882A-6A2E30A8E82C}.Release|Any CPU.Build.0 = Release|Any CPU
		{52DDE887-01DB-4113-ABE5-B297D8487716}.Debug|Any CPU.ActiveCfg = Debug|Any CPU
		{52DDE887-01DB-4113-ABE5-B297D8487716}.Debug|Any CPU.Build.0 = Debug|Any CPU
		{52DDE887-01DB-4113-ABE5-B297D8487716}.Release|Any CPU.ActiveCfg = Release|Any CPU
		{52DDE887-01DB-4113-ABE5-B297D8487716}.Release|Any CPU.Build.0 = Release|Any CPU
		{B06DB7BD-5B59-4A0F-843D-30C7272D0E0C}.Debug|Any CPU.ActiveCfg = Debug|Any CPU
		{B06DB7BD-5B59-4A0F-843D-30C7272D0E0C}.Debug|Any CPU.Build.0 = Debug|Any CPU
		{B06DB7BD-5B59-4A0F-843D-30C7272D0E0C}.Release|Any CPU.ActiveCfg = Release|Any CPU
		{B06DB7BD-5B59-4A0F-843D-30C7272D0E0C}.Release|Any CPU.Build.0 = Release|Any CPU
		{D9C66974-739F-44DC-877F-A7444F083968}.Debug|Any CPU.ActiveCfg = Debug|Any CPU
		{D9C66974-739F-44DC-877F-A7444F083968}.Debug|Any CPU.Build.0 = Debug|Any CPU
		{D9C66974-739F-44DC-877F-A7444F083968}.Release|Any CPU.ActiveCfg = Release|Any CPU
		{D9C66974-739F-44DC-877F-A7444F083968}.Release|Any CPU.Build.0 = Release|Any CPU
	EndGlobalSection
	GlobalSection(SolutionProperties) = preSolution
		HideSolutionNode = FALSE
	EndGlobalSection
	GlobalSection(ExtensibilityGlobals) = postSolution
		SolutionGuid = {50CBE75B-1F36-4E91-8431-7B34A9BEFCC8}
	EndGlobalSection
EndGlobal
